# This file is autogenerated, do not edit; changes may be undone by the next 'dep ensure'.


[[projects]]
  digest = "1:b160fe78cbad7ce8b8e61275d2dd3bd3962b9574992024ebe639d6cffb773d51"
  name = "github.com/aws/aws-sdk-go"
  packages = [
    "aws",
    "aws/awserr",
    "aws/awsutil",
    "aws/client/metadata",
    "aws/credentials",
    "aws/endpoints",
    "aws/request",
    "aws/signer/v4",
    "internal/context",
    "internal/ini",
    "internal/sdkio",
    "internal/sdkmath",
    "internal/shareddefaults",
    "internal/strings",
    "internal/sync/singleflight",
    "private/protocol",
    "private/protocol/rest",
  ]
  pruneopts = "UT"
  revision = "20e285a489f847c3182ecd0c5f3cdfc95a111e42"
  version = "v1.38.3"

[[projects]]
  digest = "1:31a18dae27a29aa074515e43a443abfd2ba6deb6d69309d8d7ce789c45f34659"
  name = "github.com/go-logfmt/logfmt"
  packages = ["."]
  pruneopts = "UT"
  revision = "390ab7935ee28ec6b286364bba9b4dd6410cb3d5"
  version = "v0.3.0"

[[projects]]
  digest = "1:586ea76dbd0374d6fb649a91d70d652b7fe0ccffb8910a77468e7702e7901f3d"
  name = "github.com/go-stack/stack"
  packages = ["."]
  pruneopts = "UT"
  revision = "2fee6af1a9795aafbe0253a0cfbdf668e1fb8a9a"
  version = "v1.8.0"

[[projects]]
  digest = "1:517c4dd8b618aa9053dfde13c4391dff6e43f7445c2d2b394c0cb9861ba209c8"
  name = "github.com/golang/snappy"
  packages = ["."]
  pruneopts = "UT"
  revision = "674baa8c7fc30da5df3074a459494a7e6b427dff"
  version = "v0.0.3"

[[projects]]
  digest = "1:bb81097a5b62634f3e9fec1014657855610c82d19b9a40c17612e32651e35dca"
  name = "github.com/jmespath/go-jmespath"
  packages = ["."]
  pruneopts = "UT"
  revision = "c2b33e84"

[[projects]]
  digest = "1:4ec85ddab4e64f9d08c7ba28d4527149026e6246392642f9145f33fea339482a"
  name = "github.com/klauspost/compress"
  packages = [
    "fse",
    "huff0",
    "snappy",
    "zstd",
    "zstd/internal/xxhash",
  ]
  pruneopts = "UT"
  revision = "04fbe891699a64e24bbdb1c12ed4cf935cc049c8"
  version = "v1.11.12"

[[projects]]
  branch = "main"
  digest = "1:2b8aad29f2d9fb37d606ab38232408b1945ae6da4060d57cc84f02bb244e7c16"
  name = "github.com/kr/logfmt"
  packages = ["."]
  pruneopts = "UT"
  revision = "19f9bcb100e6bcb308b5db29c682de01e9b3f2e6"

[[projects]]
  digest = "1:2da7bec9de8b02fc88298d5b7c3eec18b3d2c114e6739c550f3f99a12eec0bf4"
  name = "github.com/mailru/easyjson"
  packages = [
    ".",
    "buffer",
    "jlexer",
    "jwriter",
  ]
  pruneopts = "UT"
  revision = "3fdea8d05856a0c8df22ed4bc71b3219245e4485"

[[projects]]
  digest = "1:2ee65332bfa32b7639c79dbf8a3199e42bb1603bc9c453c481954a68e6cc59a1"
  name = "github.com/opentracing/opentracing-go"
  packages = [
    ".",
    "log",
  ]
  pruneopts = "UT"
  revision = "d34af3eaa63c4d08ab54863a4bdd0daa45212e12"
  version = "v1.2.0"

[[projects]]
  digest = "1:1a85cf5e1028bd954e39053889c16da143b5d26f19e11a8b6a1e075edbd488d7"
  name = "github.com/philhofer/fwd"
  packages = ["."]
  pruneopts = "UT"
  revision = "9bcb9cab1b0394d8516a132ec243ba944efdb644"
  version = "v1.1.1"

[[projects]]
  digest = "1:9e1d37b58d17113ec3cb5608ac0382313c5b59470b94ed97d0976e69c7022314"
  name = "github.com/pkg/errors"
  packages = ["."]
  pruneopts = "UT"
  revision = "614d223910a179a466c1767a985424175c39b465"
  version = "v0.9.1"

[[projects]]
  digest = "1:9dbcba744d715c75f9bde9eefc74f3efd408d1c7802a0896b51aaaff9bfe7603"
  name = "github.com/signalfx/golib"
  packages = [
    "errors",
    "eventcounter",
    "log",
    "pointer",
    "timekeeper",
    "trace",
    "trace/format",
  ]
  pruneopts = "UT"
  revision = "8850415b2e2b0a5087ede7717c30b0ad1f6f4abd"
  version = "v2.5.1"

[[projects]]
  digest = "1:645d8bcc689ea99cb6532e62cc322c3c5b70212625ef2e5ed03ed530719d0cb6"
  name = "github.com/signalfx/signalfx-go-tracing"
  packages = [
    ".",
    "contrib/mongodb/mongo-go-driver/mongo",
    "ddtrace",
    "ddtrace/ext",
    "ddtrace/opentracer",
    "ddtrace/tracer",
    "internal/globalconfig",
  ]
  pruneopts = "UT"
  revision = "6e7251eb17c771e5e220a35920473e59209ab9af"

[[projects]]
  digest = "1:75eaf5b138dc28e6e18181453cf0b4a34f1b14c650d6fc7c70d343cc23f41963"
  name = "github.com/tinylib/msgp"
  packages = ["msgp"]
  pruneopts = "UT"
  revision = "39957431e67861ab76dd17151171e1d086e5cff7"
  version = "v1.1.5"

[[projects]]
  branch = "master"
  digest = "1:40fdfd6ab85ca32b6935853bbba35935dcb1d796c8135efd85947566c76e662e"
  name = "github.com/xdg/scram"
  packages = ["."]
  pruneopts = "UT"
  revision = "7eeb5667e42c09cb51bf7b7c28aea8c56767da90"

[[projects]]
  digest = "1:577b99fc55ee19cbf1ffd072808c91ced78cd732bd9d0517bec9b90e532069cb"
  name = "github.com/xdg/stringprep"
  packages = ["."]
  pruneopts = "UT"
  revision = "bd625b8dc1e3b0f57412280ccbcc317f0c69d8db"
  version = "v1.0.0"

[[projects]]
  digest = "1:1c81a3a4880ad32382ab73d8bf43eb9a75132a9055354cd08f492fea9b2e4598"
  name = "github.com/youmark/pkcs8"
  packages = ["."]
  pruneopts = "UT"
  revision = "1be2e3e5546da8a58903ff4adcfab015022538ea"
  version = "v1.1"

[[projects]]
  digest = "1:f5e1c68b966d45708f514192d77dd2dcbdcc73ac347dae96f53abc7d1b92c1b5"
  name = "go.mongodb.org/mongo-driver"
  packages = [
    "bson",
    "bson/bsoncodec",
    "bson/bsonoptions",
    "bson/bsonrw",
    "bson/bsontype",
    "bson/primitive",
    "event",
    "internal",
    "mongo",
    "mongo/address",
    "mongo/description",
    "mongo/options",
    "mongo/readconcern",
    "mongo/readpref",
    "mongo/writeconcern",
    "tag",
    "version",
    "x/bsonx",
    "x/bsonx/bsoncore",
    "x/mongo/driver",
    "x/mongo/driver/auth",
    "x/mongo/driver/auth/internal/gssapi",
    "x/mongo/driver/connstring",
    "x/mongo/driver/dns",
    "x/mongo/driver/mongocrypt",
    "x/mongo/driver/mongocrypt/options",
    "x/mongo/driver/ocsp",
    "x/mongo/driver/operation",
    "x/mongo/driver/session",
    "x/mongo/driver/topology",
    "x/mongo/driver/uuid",
    "x/mongo/driver/wiremessage",
  ]
  pruneopts = "UT"
  revision = "6760875fa58e0fa5518c992582efa6d807960d6c"
  version = "v1.5.0"

[[projects]]
  branch = "master"
  digest = "1:32bf73bb071fd43ef0ad521dc191ec3879806bb45c47849b246a5e7fdda319e4"
  name = "golang.org/x/crypto"
  packages = [
    "ocsp",
    "pbkdf2",
  ]
  pruneopts = "UT"
  revision = "0c34fe9e7dc2486962ef9867e3edb3503537209f"

[[projects]]
  branch = "master"
  digest = "1:ec98ab215ad6fe290c86fe0c15b73684dd44680fc7b131fc1e0398b8dd5738f1"
  name = "golang.org/x/sync"
  packages = [
    "errgroup",
    "semaphore",
  ]
  pruneopts = "UT"
  revision = "036812b2e83c0ddf193dd5a34e034151da389d09"

[[projects]]
  branch = "master"
  digest = "1:0ce6dff351930f30958f302afb26c94345c1353e1e0f47e5c2918ea931d390eb"
  name = "golang.org/x/sys"
  packages = [
    "internal/unsafeheader",
    "windows",
  ]
  pruneopts = "UT"
  revision = "47abb6519492c2e7f35c3a9f4d655f2bd32607cc"

[[projects]]
  digest = "1:666e3df74f0c4788cc92426b18e33d93b7b62a3d4e8253f7c4b2226132a0f8de"
  name = "golang.org/x/text"
  packages = [
    "internal/gen",
    "internal/triegen",
    "internal/ucd",
    "transform",
    "unicode/cldr",
    "unicode/norm",
  ]
  pruneopts = "UT"
  revision = "75a595aef632b07c6eeaaa805adb6f0f66e4130e"
  version = "v0.3.5"

[solve-meta]
  analyzer-name = "dep"
  analyzer-version = 1
  input-imports = [
    "github.com/signalfx/signalfx-go-tracing/contrib/mongodb/mongo-go-driver/mongo",
    "go.mongodb.org/mongo-driver/mongo",
    "go.mongodb.org/mongo-driver/mongo/options",
  ]
  solver-name = "gps-cdcl"
  solver-version = 1
